<?xml version="1.0" encoding="UTF-8"?>
<Scheme
   LastUpgradeVersion = "0640"
   version = "1.3">
   <BuildAction
      parallelizeBuildables = "YES"
      buildImplicitDependencies = "YES">
      <BuildActionEntries>
         <BuildActionEntry
            buildForTesting = "YES"
            buildForRunning = "YES"
            buildForProfiling = "YES"
            buildForArchiving = "YES"
            buildForAnalyzing = "YES">
            <BuildableReference
               BuildableIdentifier = "primary"
               BlueprintIdentifier = "BFD2AA4D1BA882150091FAC6"
               BuildableName = "ios_designers_wk1_challenge_1_google.app"
               BlueprintName = "ios_designers_wk1_challenge_1_google"
               ReferencedContainer = "container:ios_designers_wk1_challenge_1_google.xcodeproj">
            </BuildableReference>
         </BuildActionEntry>
         <BuildActionEntry
            buildForTesting = "YES"
            buildForRunning = "YES"
            buildForProfiling = "NO"
            buildForArchiving = "NO"
            buildForAnalyzing = "YES">
            <BuildableReference
               BuildableIdentifier = "primary"
               BlueprintIdentifier = "BFD2AA621BA882150091FAC6"
               BuildableName = "ios_designers_wk1_challenge_1_googleTests.xctest"
               BlueprintName = "ios_designers_wk1_challenge_1_googleTests"
               ReferencedContainer = "container:ios_designers_wk1_challenge_1_google.xcodeproj">
            </BuildableReference>
         </BuildActionEntry>
      </BuildActionEntries>
   </BuildAction>
   <TestAction
      selectedDebuggerIdentifier = "Xcode.DebuggerFoundation.Debugger.LLDB"
      selectedLauncherIdentifier = "Xcode.DebuggerFoundation.Launcher.LLDB"
      shouldUseLaunchSchemeArgsEnv = "YES"
      buildConfiguration = "Debug">
      <Testables>
         <TestableReference
            skipped = "NO">
            <BuildableReference
               BuildableIdentifier = "primary"
               BlueprintIdentifier = "BFD2AA621BA882150091FAC6"
               BuildableName = "ios_designers_wk1_challenge_1_googleTests.xctest"
               BlueprintName = "ios_designers_wk1_challenge_1_googleTests"
               ReferencedContainer = "container:ios_designers_wk1_challenge_1_google.xcodeproj">
            </BuildableReference>
         </TestableReference>
      </Testables>
      <MacroExpansion>
         <BuildableReference
            BuildableIdentifier = "primary"
            BlueprintIdentifier = "BFD2AA4D1BA882150091FAC6"
            BuildableName = "ios_designers_wk1_challenge_1_google.app"
            BlueprintName = "ios_designers_wk1_challenge_1_google"
            ReferencedContainer = "container:ios_designers_wk1_challenge_1_google.xcodeproj">
         </BuildableReference>
      </MacroExpansion>
   </TestAction>
   <LaunchAction
      selectedDebuggerIdentifier = "Xcode.DebuggerFoundation.Debugger.LLDB"
      selectedLauncherIdentifier = "Xcode.DebuggerFoundation.Launcher.LLDB"
      launchStyle = "0"
      useCustomWorkingDirectory = "NO"
      buildConfiguration = "Debug"
      ignoresPersistentStateOnLaunch = "NO"
      debugDocumentVersioning = "YES"
      allowLocationSimulation = "YES">
      <BuildableProductRunnable
         runnableDebuggingMode = "0">
         <BuildableReference
            BuildableIdentifier = "primary"
            BlueprintIdentifier = "BFD2AA4D1BA882150091FAC6"
            BuildableName = "ios_designers_wk1_challenge_1_google.app"
            BlueprintName = "ios_designers_wk1_challenge_1_google"
            ReferencedContainer = "container:ios_designers_wk1_challenge_1_google.xcodeproj">
         </BuildableReference>
      </BuildableProductRunnable>
      <AdditionalOptions>
      </AdditionalOptions>
   </LaunchAction>
   <ProfileAction
      shouldUseLaunchSchemeArgsEnv = "YES"
      savedToolIdentifier = ""
      useCustomWorkingDirectory = "NO"
      buildConfiguration = "Release"
      debugDocumentVersioning = "YES">
      <BuildableProductRunnable
         runnableDebuggingMode = "0">
         <BuildableReference
            BuildableIdentifier = "primary"
            BlueprintIdentifier = "BFD2AA4D1BA882150091FAC6"
            BuildableName = "ios_designers_wk1_challenge_1_google.app"
            BlueprintName = "ios_designers_wk1_challenge_1_google"
            ReferencedContainer = "container:ios_designers_wk1_challenge_1_google.xcodeproj">
         </BuildableReference>
      </BuildableProductRunnable>
   </ProfileAction>
   <AnalyzeAction
      buildConfiguration = "Debug">
   </AnalyzeAction>
   <ArchiveAction
      buildConfiguration = "Release"
      revealArchiveInOrganizer = "YES">
   </ArchiveAction>
</Scheme>
